// !$*UTF8*$!
{
	archiveVersion = 1;
	classes = {
	};
	objectVersion = 56;
	objects = {

/* Begin PBXFileReference section */
		2834E6DC2ACE88A400D7D5BF /* cpsr */ = {isa = PBXFileReference; lastKnownFileType = text; path = cpsr; sourceTree = "<group>"; };
		2834E6DD2ACE88A400D7D5BF /* x */ = {isa = PBXFileReference; lastKnownFileType = text; path = x; sourceTree = "<group>"; };
		2895ACFB2B08FD6A00F1FD78 /* v */ = {isa = PBXFileReference; lastKnownFileType = text; path = v; sourceTree = "<group>"; };
		2895ACFC2B08FD7200F1FD78 /* register */ = {isa = PBXFileReference; lastKnownFileType = text; path = register; sourceTree = "<group>"; };
		2895ACFE2B08FE5B00F1FD78 /* far esr exception */ = {isa = PBXFileReference; lastKnownFileType = text; path = "far esr exception"; sourceTree = "<group>"; };
		2895ACFF2B08FEFF00F1FD78 /* f */ = {isa = PBXFileReference; lastKnownFileType = text; path = f; sourceTree = "<group>"; };
		2895AD1F2B090D4700F1FD78 /* align */ = {isa = PBXFileReference; lastKnownFileType = text; path = align; sourceTree = "<group>"; };
		2895AD212B090E7D00F1FD78 /* directive */ = {isa = PBXFileReference; lastKnownFileType = text; path = directive; sourceTree = "<group>"; };
/* End PBXFileReference section */

/* Begin PBXGroup section */
		28504E302ACE7A7600641D0B = {
			isa = PBXGroup;
			children = (
				2895ACFD2B08FE4100F1FD78 /* exception */,
				2895ACFA2B08FD4C00F1FD78 /* floating */,
				2895ACBA2AE9C38A00F1FD78 /* general */,
				2895AD1E2B090D3400F1FD78 /* directive */,
			);
			sourceTree = "<group>";
		};
		2895ACBA2AE9C38A00F1FD78 /* general */ = {
			isa = PBXGroup;
			children = (
				2834E6DD2ACE88A400D7D5BF /* x */,
				2834E6DC2ACE88A400D7D5BF /* cpsr */,
			);
			path = general;
			sourceTree = "<group>";
		};
		2895ACFA2B08FD4C00F1FD78 /* floating */ = {
			isa = PBXGroup;
			children = (
				2895ACFB2B08FD6A00F1FD78 /* v */,
				2895ACFF2B08FEFF00F1FD78 /* f */,
				2895ACFC2B08FD7200F1FD78 /* register */,
			);
			path = floating;
			sourceTree = "<group>";
		};
		2895ACFD2B08FE4100F1FD78 /* exception */ = {
			isa = PBXGroup;
			children = (
				2895ACFE2B08FE5B00F1FD78 /* far esr exception */,
			);
			path = exception;
			sourceTree = "<group>";
		};
		2895AD1E2B090D3400F1FD78 /* directive */ = {
			isa = PBXGroup;
			children = (
				2895AD212B090E7D00F1FD78 /* directive */,
				2895AD1F2B090D4700F1FD78 /* align */,
			);
			path = directive;
			sourceTree = "<group>";
		};
/* End PBXGroup section */

/* Begin PBXProject section */
		28504E312ACE7A7600641D0B /* Project object */ = {
			isa = PBXProject;
			attributes = {
				BuildIndependentTargetsInParallel = 1;
				LastUpgradeCheck = 1530;
			};
			buildConfigurationList = 28504E342ACE7A7600641D0B /* Build configuration list for PBXProject "arc" */;
			compatibilityVersion = "Xcode 14.0";
			developmentRegion = en;
			hasScannedForEncodings = 0;
			knownRegions = (
				en,
				Base,
			);
			mainGroup = 28504E302ACE7A7600641D0B;
			projectDirPath = "";
			projectRoot = "";
			targets = (
			);
		};
/* End PBXProject section */

/* Begin XCBuildConfiguration section */
		28504E352ACE7A7600641D0B /* Debug */ = {
			isa = XCBuildConfiguration;
			buildSettings = {
				CLANG_WARN_BLOCK_CAPTURE_AUTORELEASING = YES;
				CLANG_WARN_BOOL_CONVERSION = YES;
				CLANG_WARN_COMMA = YES;
				CLANG_WARN_CONSTANT_CONVERSION = YES;
				CLANG_WARN_DEPRECATED_OBJC_IMPLEMENTATIONS = YES;
				CLANG_WARN_EMPTY_BODY = YES;
				CLANG_WARN_ENUM_CONVERSION = YES;
				CLANG_WARN_INFINITE_RECURSION = YES;
				CLANG_WARN_INT_CONVERSION = YES;
				CLANG_WARN_NON_LITERAL_NULL_CONVERSION = YES;
				CLANG_WARN_OBJC_IMPLICIT_RETAIN_SELF = YES;
				CLANG_WARN_OBJC_LITERAL_CONVERSION = YES;
				CLANG_WARN_QUOTED_INCLUDE_IN_FRAMEWORK_HEADER = YES;
				CLANG_WARN_RANGE_LOOP_ANALYSIS = YES;
				CLANG_WARN_STRICT_PROTOTYPES = YES;
				CLANG_WARN_SUSPICIOUS_MOVE = YES;
				CLANG_WARN_UNREACHABLE_CODE = YES;
				CLANG_WARN__DUPLICATE_METHOD_MATCH = YES;
				DEAD_CODE_STRIPPING = YES;
				ENABLE_STRICT_OBJC_MSGSEND = YES;
				ENABLE_TESTABILITY = YES;
				ENABLE_USER_SCRIPT_SANDBOXING = YES;
				GCC_NO_COMMON_BLOCKS = YES;
				GCC_WARN_64_TO_32_BIT_CONVERSION = YES;
				GCC_WARN_ABOUT_RETURN_TYPE = YES;
				GCC_WARN_UNDECLARED_SELECTOR = YES;
				GCC_WARN_UNINITIALIZED_AUTOS = YES;
				GCC_WARN_UNUSED_FUNCTION = YES;
				GCC_WARN_UNUSED_VARIABLE = YES;
				ONLY_ACTIVE_ARCH = YES;
			};
			name = Debug;
		};
		28504E362ACE7A7600641D0B /* Release */ = {
			isa = XCBuildConfiguration;
			buildSettings = {
				CLANG_WARN_BLOCK_CAPTURE_AUTORELEASING = YES;
				CLANG_WARN_BOOL_CONVERSION = YES;
				CLANG_WARN_COMMA = YES;
				CLANG_WARN_CONSTANT_CONVERSION = YES;
				CLANG_WARN_DEPRECATED_OBJC_IMPLEMENTATIONS = YES;
				CLANG_WARN_EMPTY_BODY = YES;
				CLANG_WARN_ENUM_CONVERSION = YES;
				CLANG_WARN_INFINITE_RECURSION = YES;
				CLANG_WARN_INT_CONVERSION = YES;
				CLANG_WARN_NON_LITERAL_NULL_CONVERSION = YES;
				CLANG_WARN_OBJC_IMPLICIT_RETAIN_SELF = YES;
				CLANG_WARN_OBJC_LITERAL_CONVERSION = YES;
				CLANG_WARN_QUOTED_INCLUDE_IN_FRAMEWORK_HEADER = YES;
				CLANG_WARN_RANGE_LOOP_ANALYSIS = YES;
				CLANG_WARN_STRICT_PROTOTYPES = YES;
				CLANG_WARN_SUSPICIOUS_MOVE = YES;
				CLANG_WARN_UNREACHABLE_CODE = YES;
				CLANG_WARN__DUPLICATE_METHOD_MATCH = YES;
				DEAD_CODE_STRIPPING = YES;
				ENABLE_STRICT_OBJC_MSGSEND = YES;
				ENABLE_USER_SCRIPT_SANDBOXING = YES;
				GCC_NO_COMMON_BLOCKS = YES;
				GCC_WARN_64_TO_32_BIT_CONVERSION = YES;
				GCC_WARN_ABOUT_RETURN_TYPE = YES;
				GCC_WARN_UNDECLARED_SELECTOR = YES;
				GCC_WARN_UNINITIALIZED_AUTOS = YES;
				GCC_WARN_UNUSED_FUNCTION = YES;
				GCC_WARN_UNUSED_VARIABLE = YES;
			};
			name = Release;
		};
/* End XCBuildConfiguration section */

/* Begin XCConfigurationList section */
		28504E342ACE7A7600641D0B /* Build configuration list for PBXProject "arc" */ = {
			isa = XCConfigurationList;
			buildConfigurations = (
				28504E352ACE7A7600641D0B /* Debug */,
				28504E362ACE7A7600641D0B /* Release */,
			);
			defaultConfigurationIsVisible = 0;
			defaultConfigurationName = Release;
		};
/* End XCConfigurationList section */
	};
	rootObject = 28504E312ACE7A7600641D0B /* Project object */;
}
